
Microsoft Visual Studio Solution File, Format Version 12.00
# Visual Studio Version 16
VisualStudioVersion = 16.0.30611.23
MinimumVisualStudioVersion = 10.0.40219.1
Project("{8BC9CEB8-8B4A-11D0-8D11-00A0C91BC942}") = "memory_projekt", "memory_projekt.vcxproj", "{50C4C75C-242C-4B32-BB6F-39C02B4724E8}"
EndProject
Global
	GlobalSection(SolutionConfigurationPlatforms) = preSolution
		Debug|x64 = Debug|x64
		Debug|x86 = Debug|x86
		Release|x64 = Release|x64
		Release|x86 = Release|x86
	EndGlobalSection
	GlobalSection(ProjectConfigurationPlatforms) = postSolution
		{50C4C75C-242C-4B32-BB6F-39C02B4724E8}.Debug|x64.ActiveCfg = Debug|x64
		{50C4C75C-242C-4B32-BB6F-39C02B4724E8}.Debug|x64.Build.0 = Debug|x64
		{50C4C75C-242C-4B32-BB6F-39C02B4724E8}.Debug|x86.ActiveCfg = Debug|Win32
		{50C4C75C-242C-4B32-BB6F-39C02B4724E8}.Debug|x86.Build.0 = Debug|Win32
		{50C4C75C-242C-4B32-BB6F-39C02B4724E8}.Release|x64.ActiveCfg = Release|x64
		{50C4C75C-242C-4B32-BB6F-39C02B4724E8}.Release|x64.Build.0 = Release|x64
		{50C4C75C-242C-4B32-BB6F-39C02B4724E8}.Release|x86.ActiveCfg = Release|Win32
		{50C4C75C-242C-4B32-BB6F-39C02B4724E8}.Release|x86.Build.0 = Release|Win32
	EndGlobalSection
	GlobalSection(SolutionProperties) = preSolution
		HideSolutionNode = FALSE
	EndGlobalSection
	GlobalSection(ExtensibilityGlobals) = postSolution
		SolutionGuid = {B371B304-55D9-4C4B-BDD8-7F6B94A0187B}
	EndGlobalSection
EndGlobal
